
Microsoft Visual Studio Solution File, Format Version 12.00
# Visual Studio 2012
Project("{FAE04EC0-301F-11D3-BF4B-00C04F79EFBC}") = "Bot.Tests", "Bot.Tests\Bot.Tests.csproj", "{0CB1BFBB-E1B6-42C7-9561-BD465257E02B}"
EndProject
Project("{2150E333-8FDC-42A3-9474-1A3956D46DE8}") = "Solution Items", "Solution Items", "{EDA48DF9-6251-4462-8D7F-139845CF6AD4}"
	ProjectSection(SolutionItems) = preProject
		..\aws-credentials.txt = ..\aws-credentials.txt
	EndProjectSection
EndProject
Project("{FAE04EC0-301F-11D3-BF4B-00C04F79EFBC}") = "Telegram.Bot", "Telegram.Bot\Telegram.Bot.csproj", "{E1E8281E-EF50-4714-988C-98335522ED49}"
EndProject
Project("{FAE04EC0-301F-11D3-BF4B-00C04F79EFBC}") = "NetTelegramBotApi.NetStandard", "..\NetTelegramBotApi\NetTelegramBotApi\NetTelegramBotApi.NetStandard.csproj", "{EC106E45-7AFC-451D-AA70-24D94166E47E}"
EndProject
Project("{FAE04EC0-301F-11D3-BF4B-00C04F79EFBC}") = "NetTelegramBotApi.NetCore.Tests", "..\NetTelegramBotApi\NetTelegramBotApi.Tests\NetTelegramBotApi.NetCore.Tests.csproj", "{AC7C6D58-9ECA-41DF-8C9C-99068DFBE75D}"
EndProject
Project("{FAE04EC0-301F-11D3-BF4B-00C04F79EFBC}") = "TelegramBotDemo-vNext", "..\NetTelegramBotApi\TelegramBotDemo-vNext\TelegramBotDemo-vNext.csproj", "{CAF71548-9037-48D9-9B95-32E81231AAE2}"
EndProject
Global
	GlobalSection(SolutionConfigurationPlatforms) = preSolution
		Debug|Any CPU = Debug|Any CPU
		Release|Any CPU = Release|Any CPU
	EndGlobalSection
	GlobalSection(ProjectConfigurationPlatforms) = postSolution
		{0CB1BFBB-E1B6-42C7-9561-BD465257E02B}.Debug|Any CPU.ActiveCfg = Debug|Any CPU
		{0CB1BFBB-E1B6-42C7-9561-BD465257E02B}.Debug|Any CPU.Build.0 = Debug|Any CPU
		{0CB1BFBB-E1B6-42C7-9561-BD465257E02B}.Release|Any CPU.ActiveCfg = Release|Any CPU
		{0CB1BFBB-E1B6-42C7-9561-BD465257E02B}.Release|Any CPU.Build.0 = Release|Any CPU
		{E1E8281E-EF50-4714-988C-98335522ED49}.Debug|Any CPU.ActiveCfg = Debug|Any CPU
		{E1E8281E-EF50-4714-988C-98335522ED49}.Debug|Any CPU.Build.0 = Debug|Any CPU
		{E1E8281E-EF50-4714-988C-98335522ED49}.Release|Any CPU.ActiveCfg = Release|Any CPU
		{E1E8281E-EF50-4714-988C-98335522ED49}.Release|Any CPU.Build.0 = Release|Any CPU
		{EC106E45-7AFC-451D-AA70-24D94166E47E}.Debug|Any CPU.ActiveCfg = Debug|Any CPU
		{EC106E45-7AFC-451D-AA70-24D94166E47E}.Debug|Any CPU.Build.0 = Debug|Any CPU
		{EC106E45-7AFC-451D-AA70-24D94166E47E}.Release|Any CPU.ActiveCfg = Release|Any CPU
		{EC106E45-7AFC-451D-AA70-24D94166E47E}.Release|Any CPU.Build.0 = Release|Any CPU
		{AC7C6D58-9ECA-41DF-8C9C-99068DFBE75D}.Debug|Any CPU.ActiveCfg = Debug|Any CPU
		{AC7C6D58-9ECA-41DF-8C9C-99068DFBE75D}.Debug|Any CPU.Build.0 = Debug|Any CPU
		{AC7C6D58-9ECA-41DF-8C9C-99068DFBE75D}.Release|Any CPU.ActiveCfg = Release|Any CPU
		{AC7C6D58-9ECA-41DF-8C9C-99068DFBE75D}.Release|Any CPU.Build.0 = Release|Any CPU
		{CAF71548-9037-48D9-9B95-32E81231AAE2}.Debug|Any CPU.ActiveCfg = Debug|Any CPU
		{CAF71548-9037-48D9-9B95-32E81231AAE2}.Debug|Any CPU.Build.0 = Debug|Any CPU
		{CAF71548-9037-48D9-9B95-32E81231AAE2}.Release|Any CPU.ActiveCfg = Release|Any CPU
		{CAF71548-9037-48D9-9B95-32E81231AAE2}.Release|Any CPU.Build.0 = Release|Any CPU
	EndGlobalSection
EndGlobal
