
Microsoft Visual Studio Solution File, Format Version 12.00
# Visual Studio 2012
Project("{FAE04EC0-301F-11D3-BF4B-00C04F79EFBC}") = "Bot.Tests", "Bot.Tests\Bot.Tests.csproj", "{0CB1BFBB-E1B6-42C7-9561-BD465257E02B}"
EndProject
Project("{2150E333-8FDC-42A3-9474-1A3956D46DE8}") = "Solution Items", "Solution Items", "{EDA48DF9-6251-4462-8D7F-139845CF6AD4}"
	ProjectSection(SolutionItems) = preProject
		..\aws-credentials.txt = ..\aws-credentials.txt
	EndProjectSection
EndProject
Project("{FAE04EC0-301F-11D3-BF4B-00C04F79EFBC}") = "Telegram.Bot", "Telegram.Bot\Telegram.Bot.csproj", "{E1E8281E-EF50-4714-988C-98335522ED49}"
EndProject
Project("{FAE04EC0-301F-11D3-BF4B-00C04F79EFBC}") = "NetTelegramBotApi", "..\NetTelegramBotApi\NetTelegramBotApi\NetTelegramBotApi.csproj", "{ED0F82D8-E752-401B-868E-377E3572949C}"
EndProject
Project("{FAE04EC0-301F-11D3-BF4B-00C04F79EFBC}") = "TelegramBotDemo", "..\NetTelegramBotApi\TelegramBotDemo\TelegramBotDemo.csproj", "{E0CDD1D2-E50E-4CD8-97F4-C1AE44DE7E43}"
EndProject
Project("{FAE04EC0-301F-11D3-BF4B-00C04F79EFBC}") = "NetTelegramBotApi.Tests", "..\NetTelegramBotApi\NetTelegramBotApi.Tests\NetTelegramBotApi.Tests.csproj", "{14F858B5-44D6-44F0-92A1-5A2467D7E64A}"
EndProject
Global
	GlobalSection(SolutionConfigurationPlatforms) = preSolution
		Debug|Any CPU = Debug|Any CPU
		Release|Any CPU = Release|Any CPU
	EndGlobalSection
	GlobalSection(ProjectConfigurationPlatforms) = postSolution
		{0CB1BFBB-E1B6-42C7-9561-BD465257E02B}.Debug|Any CPU.ActiveCfg = Debug|Any CPU
		{0CB1BFBB-E1B6-42C7-9561-BD465257E02B}.Debug|Any CPU.Build.0 = Debug|Any CPU
		{0CB1BFBB-E1B6-42C7-9561-BD465257E02B}.Release|Any CPU.ActiveCfg = Release|Any CPU
		{0CB1BFBB-E1B6-42C7-9561-BD465257E02B}.Release|Any CPU.Build.0 = Release|Any CPU
		{E1E8281E-EF50-4714-988C-98335522ED49}.Debug|Any CPU.ActiveCfg = Debug|Any CPU
		{E1E8281E-EF50-4714-988C-98335522ED49}.Debug|Any CPU.Build.0 = Debug|Any CPU
		{E1E8281E-EF50-4714-988C-98335522ED49}.Release|Any CPU.ActiveCfg = Release|Any CPU
		{E1E8281E-EF50-4714-988C-98335522ED49}.Release|Any CPU.Build.0 = Release|Any CPU
		{ED0F82D8-E752-401B-868E-377E3572949C}.Debug|Any CPU.ActiveCfg = Debug|Any CPU
		{ED0F82D8-E752-401B-868E-377E3572949C}.Debug|Any CPU.Build.0 = Debug|Any CPU
		{ED0F82D8-E752-401B-868E-377E3572949C}.Release|Any CPU.ActiveCfg = Release|Any CPU
		{ED0F82D8-E752-401B-868E-377E3572949C}.Release|Any CPU.Build.0 = Release|Any CPU
		{E0CDD1D2-E50E-4CD8-97F4-C1AE44DE7E43}.Debug|Any CPU.ActiveCfg = Debug|Any CPU
		{E0CDD1D2-E50E-4CD8-97F4-C1AE44DE7E43}.Debug|Any CPU.Build.0 = Debug|Any CPU
		{E0CDD1D2-E50E-4CD8-97F4-C1AE44DE7E43}.Release|Any CPU.ActiveCfg = Release|Any CPU
		{E0CDD1D2-E50E-4CD8-97F4-C1AE44DE7E43}.Release|Any CPU.Build.0 = Release|Any CPU
		{14F858B5-44D6-44F0-92A1-5A2467D7E64A}.Debug|Any CPU.ActiveCfg = Debug|Any CPU
		{14F858B5-44D6-44F0-92A1-5A2467D7E64A}.Debug|Any CPU.Build.0 = Debug|Any CPU
		{14F858B5-44D6-44F0-92A1-5A2467D7E64A}.Release|Any CPU.ActiveCfg = Release|Any CPU
		{14F858B5-44D6-44F0-92A1-5A2467D7E64A}.Release|Any CPU.Build.0 = Release|Any CPU
	EndGlobalSection
EndGlobal
